
Microsoft Visual Studio Solution File, Format Version 12.00
# Visual Studio Version 16
VisualStudioVersion = 16.0.30621.155
MinimumVisualStudioVersion = 10.0.40219.1
Project("{FAE04EC0-301F-11D3-BF4B-00C04F79EFBC}") = "Projekt_WPF", "Projekt_WPF\Projekt_WPF.csproj", "{F73A0A2A-DBC8-4057-83A3-12A0DCD1CE1C}"
EndProject
Global
	GlobalSection(SolutionConfigurationPlatforms) = preSolution
		Debug|Any CPU = Debug|Any CPU
		Release|Any CPU = Release|Any CPU
	EndGlobalSection
	GlobalSection(ProjectConfigurationPlatforms) = postSolution
		{F73A0A2A-DBC8-4057-83A3-12A0DCD1CE1C}.Debug|Any CPU.ActiveCfg = Release|Any CPU
		{F73A0A2A-DBC8-4057-83A3-12A0DCD1CE1C}.Debug|Any CPU.Build.0 = Release|Any CPU
		{F73A0A2A-DBC8-4057-83A3-12A0DCD1CE1C}.Release|Any CPU.ActiveCfg = Release|Any CPU
		{F73A0A2A-DBC8-4057-83A3-12A0DCD1CE1C}.Release|Any CPU.Build.0 = Release|Any CPU
	EndGlobalSection
	GlobalSection(SolutionProperties) = preSolution
		HideSolutionNode = FALSE
	EndGlobalSection
	GlobalSection(ExtensibilityGlobals) = postSolution
		SolutionGuid = {EBB26BC0-7C94-4D2F-890A-D6BB4B6AF9DE}
	EndGlobalSection
EndGlobal
